// !$*UTF8*$!
{
	archiveVersion = 1;
	classes = {
	};
	objectVersion = 51;
	objects = {

/* Begin PBXBuildFile section */
		313B8EE327C707B0579DD063 /* Pods_SwapWatcher_SwapWatcherUITests.framework in Frameworks */ = {isa = PBXBuildFile; fileRef = CCE2791DCD71934CF3F4955D /* Pods_SwapWatcher_SwapWatcherUITests.framework */; };
		4F8E354635D7594746C51ADA /* Pods_SwapWatcherTests.framework in Frameworks */ = {isa = PBXBuildFile; fileRef = DA86E348DFD1AC87F2F3EC0F /* Pods_SwapWatcherTests.framework */; };
		714C98F4DC435B5AD15C9A22 /* Pods_SwapWatcher.framework in Frameworks */ = {isa = PBXBuildFile; fileRef = C4420C24B1471E8F70176142 /* Pods_SwapWatcher.framework */; };
		CEA9A3F823A4016D00EFB634 /* InternetAccessPolicy.plist in Resources */ = {isa = PBXBuildFile; fileRef = CEA9A3F723A4016D00EFB634 /* InternetAccessPolicy.plist */; };
		CEAE45F023A439AA000CB5D2 /* LicensePlist.bundle in Resources */ = {isa = PBXBuildFile; fileRef = CEAE45EF23A439AA000CB5D2 /* LicensePlist.bundle */; };
		CEBB468523A4C26F00CC6511 /* AboutWindowController.swift in Sources */ = {isa = PBXBuildFile; fileRef = CEBB468323A4C26F00CC6511 /* AboutWindowController.swift */; };
		CEBB468E23A4D0D100CC6511 /* StoryboardScenes.swift in Sources */ = {isa = PBXBuildFile; fileRef = CEBB468D23A4D0D100CC6511 /* StoryboardScenes.swift */; };
		CEBB469023A4D4E900CC6511 /* AboutViewController.swift in Sources */ = {isa = PBXBuildFile; fileRef = CEBB468F23A4D4E900CC6511 /* AboutViewController.swift */; };
		CED85A7A23A3AEA2000AA3C6 /* AppDelegate.swift in Sources */ = {isa = PBXBuildFile; fileRef = CED85A7923A3AEA2000AA3C6 /* AppDelegate.swift */; };
		CED85A7E23A3AEA4000AA3C6 /* Assets.xcassets in Resources */ = {isa = PBXBuildFile; fileRef = CED85A7D23A3AEA4000AA3C6 /* Assets.xcassets */; };
		CED85A8123A3AEA4000AA3C6 /* Main.storyboard in Resources */ = {isa = PBXBuildFile; fileRef = CED85A7F23A3AEA4000AA3C6 /* Main.storyboard */; };
		CED85A8D23A3AEA5000AA3C6 /* SwapWatcherTests.swift in Sources */ = {isa = PBXBuildFile; fileRef = CED85A8C23A3AEA5000AA3C6 /* SwapWatcherTests.swift */; };
		CED85A9823A3AEA5000AA3C6 /* SwapWatcherUITests.swift in Sources */ = {isa = PBXBuildFile; fileRef = CED85A9723A3AEA5000AA3C6 /* SwapWatcherUITests.swift */; };
		CED85AA923A3CFD1000AA3C6 /* GetBytesWithPrefix.swift in Sources */ = {isa = PBXBuildFile; fileRef = CED85AA823A3CFD1000AA3C6 /* GetBytesWithPrefix.swift */; };
		CEE8A41B23A42C30006483E0 /* AppDelegate.swift in Sources */ = {isa = PBXBuildFile; fileRef = CEE8A41A23A42C30006483E0 /* AppDelegate.swift */; };
		CEE8A41F23A42C33006483E0 /* Assets.xcassets in Resources */ = {isa = PBXBuildFile; fileRef = CEE8A41E23A42C33006483E0 /* Assets.xcassets */; };
		CEE8A42223A42C33006483E0 /* Main.storyboard in Resources */ = {isa = PBXBuildFile; fileRef = CEE8A42023A42C33006483E0 /* Main.storyboard */; };
		CEE8A42923A4311E006483E0 /* GetHelperApplicationHasEnabled.swift in Sources */ = {isa = PBXBuildFile; fileRef = CEE8A42823A4311E006483E0 /* GetHelperApplicationHasEnabled.swift */; };
		CEE8A42D23A4345D006483E0 /* SwapWatcherLaunchHelper.app in Copy Files */ = {isa = PBXBuildFile; fileRef = CEE8A41823A42C30006483E0 /* SwapWatcherLaunchHelper.app */; settings = {ATTRIBUTES = (RemoveHeadersOnCopy, ); }; };
/* End PBXBuildFile section */

/* Begin PBXContainerItemProxy section */
		CED85A8923A3AEA5000AA3C6 /* PBXContainerItemProxy */ = {
			isa = PBXContainerItemProxy;
			containerPortal = CED85A6E23A3AEA2000AA3C6 /* Project object */;
			proxyType = 1;
			remoteGlobalIDString = CED85A7523A3AEA2000AA3C6;
			remoteInfo = SwapWatcher;
		};
		CED85A9423A3AEA5000AA3C6 /* PBXContainerItemProxy */ = {
			isa = PBXContainerItemProxy;
			containerPortal = CED85A6E23A3AEA2000AA3C6 /* Project object */;
			proxyType = 1;
			remoteGlobalIDString = CED85A7523A3AEA2000AA3C6;
			remoteInfo = SwapWatcher;
		};
		CEE8A42A23A43440006483E0 /* PBXContainerItemProxy */ = {
			isa = PBXContainerItemProxy;
			containerPortal = CED85A6E23A3AEA2000AA3C6 /* Project object */;
			proxyType = 1;
			remoteGlobalIDString = CEE8A41723A42C30006483E0;
			remoteInfo = SwapWatcherLaunchHelper;
		};
/* End PBXContainerItemProxy section */

/* Begin PBXCopyFilesBuildPhase section */
		CEE8A42C23A43446006483E0 /* Copy Files */ = {
			isa = PBXCopyFilesBuildPhase;
			buildActionMask = 2147483647;
			dstPath = Contents/Library/LoginItems;
			dstSubfolderSpec = 1;
			files = (
				CEE8A42D23A4345D006483E0 /* SwapWatcherLaunchHelper.app in Copy Files */,
			);
			name = "Copy Files";
			runOnlyForDeploymentPostprocessing = 0;
		};
/* End PBXCopyFilesBuildPhase section */

/* Begin PBXFileReference section */
		396C5C0A7A1EE45F7ADB4C68 /* Pods-SwapWatcherTests.release.xcconfig */ = {isa = PBXFileReference; includeInIndex = 1; lastKnownFileType = text.xcconfig; name = "Pods-SwapWatcherTests.release.xcconfig"; path = "Target Support Files/Pods-SwapWatcherTests/Pods-SwapWatcherTests.release.xcconfig"; sourceTree = "<group>"; };
		52CC3819EAFED28307741612 /* Pods-SwapWatcher.debug.xcconfig */ = {isa = PBXFileReference; includeInIndex = 1; lastKnownFileType = text.xcconfig; name = "Pods-SwapWatcher.debug.xcconfig"; path = "Target Support Files/Pods-SwapWatcher/Pods-SwapWatcher.debug.xcconfig"; sourceTree = "<group>"; };
		5C336050CABDC8C7B0562A48 /* Pods-SwapWatcher-SwapWatcherUITests.release.xcconfig */ = {isa = PBXFileReference; includeInIndex = 1; lastKnownFileType = text.xcconfig; name = "Pods-SwapWatcher-SwapWatcherUITests.release.xcconfig"; path = "Target Support Files/Pods-SwapWatcher-SwapWatcherUITests/Pods-SwapWatcher-SwapWatcherUITests.release.xcconfig"; sourceTree = "<group>"; };
		6FDD59CF042E98743E2E4869 /* Pods-SwapWatcher.release.xcconfig */ = {isa = PBXFileReference; includeInIndex = 1; lastKnownFileType = text.xcconfig; name = "Pods-SwapWatcher.release.xcconfig"; path = "Target Support Files/Pods-SwapWatcher/Pods-SwapWatcher.release.xcconfig"; sourceTree = "<group>"; };
		85D8E8A381F23B2E2C123369 /* Pods-SwapWatcher-SwapWatcherUITests.debug.xcconfig */ = {isa = PBXFileReference; includeInIndex = 1; lastKnownFileType = text.xcconfig; name = "Pods-SwapWatcher-SwapWatcherUITests.debug.xcconfig"; path = "Target Support Files/Pods-SwapWatcher-SwapWatcherUITests/Pods-SwapWatcher-SwapWatcherUITests.debug.xcconfig"; sourceTree = "<group>"; };
		A1D945922AA67FE654CB4A64 /* Pods-SwapWatcherTests.debug.xcconfig */ = {isa = PBXFileReference; includeInIndex = 1; lastKnownFileType = text.xcconfig; name = "Pods-SwapWatcherTests.debug.xcconfig"; path = "Target Support Files/Pods-SwapWatcherTests/Pods-SwapWatcherTests.debug.xcconfig"; sourceTree = "<group>"; };
		C4420C24B1471E8F70176142 /* Pods_SwapWatcher.framework */ = {isa = PBXFileReference; explicitFileType = wrapper.framework; includeInIndex = 0; path = Pods_SwapWatcher.framework; sourceTree = BUILT_PRODUCTS_DIR; };
		CCE2791DCD71934CF3F4955D /* Pods_SwapWatcher_SwapWatcherUITests.framework */ = {isa = PBXFileReference; explicitFileType = wrapper.framework; includeInIndex = 0; path = Pods_SwapWatcher_SwapWatcherUITests.framework; sourceTree = BUILT_PRODUCTS_DIR; };
		CEA9A3F723A4016D00EFB634 /* InternetAccessPolicy.plist */ = {isa = PBXFileReference; lastKnownFileType = text.plist.xml; path = InternetAccessPolicy.plist; sourceTree = "<group>"; };
		CEAE45EF23A439AA000CB5D2 /* LicensePlist.bundle */ = {isa = PBXFileReference; lastKnownFileType = "wrapper.plug-in"; path = LicensePlist.bundle; sourceTree = "<group>"; };
		CEBB468323A4C26F00CC6511 /* AboutWindowController.swift */ = {isa = PBXFileReference; lastKnownFileType = sourcecode.swift; path = AboutWindowController.swift; sourceTree = "<group>"; };
		CEBB468723A4CF7400CC6511 /* swiftgen.yml */ = {isa = PBXFileReference; lastKnownFileType = text.yaml; path = swiftgen.yml; sourceTree = "<group>"; };
		CEBB468D23A4D0D100CC6511 /* StoryboardScenes.swift */ = {isa = PBXFileReference; fileEncoding = 4; lastKnownFileType = sourcecode.swift; path = StoryboardScenes.swift; sourceTree = "<group>"; };
		CEBB468F23A4D4E900CC6511 /* AboutViewController.swift */ = {isa = PBXFileReference; lastKnownFileType = sourcecode.swift; path = AboutViewController.swift; sourceTree = "<group>"; };
		CED85A7623A3AEA2000AA3C6 /* SwapWatcher.app */ = {isa = PBXFileReference; explicitFileType = wrapper.application; includeInIndex = 0; path = SwapWatcher.app; sourceTree = BUILT_PRODUCTS_DIR; };
		CED85A7923A3AEA2000AA3C6 /* AppDelegate.swift */ = {isa = PBXFileReference; lastKnownFileType = sourcecode.swift; path = AppDelegate.swift; sourceTree = "<group>"; };
		CED85A7D23A3AEA4000AA3C6 /* Assets.xcassets */ = {isa = PBXFileReference; lastKnownFileType = folder.assetcatalog; path = Assets.xcassets; sourceTree = "<group>"; };
		CED85A8023A3AEA4000AA3C6 /* Base */ = {isa = PBXFileReference; lastKnownFileType = file.storyboard; name = Base; path = Base.lproj/Main.storyboard; sourceTree = "<group>"; };
		CED85A8223A3AEA4000AA3C6 /* Info.plist */ = {isa = PBXFileReference; lastKnownFileType = text.plist.xml; path = Info.plist; sourceTree = "<group>"; };
		CED85A8323A3AEA4000AA3C6 /* SwapWatcher.entitlements */ = {isa = PBXFileReference; lastKnownFileType = text.plist.entitlements; path = SwapWatcher.entitlements; sourceTree = "<group>"; };
		CED85A8823A3AEA5000AA3C6 /* SwapWatcherTests.xctest */ = {isa = PBXFileReference; explicitFileType = wrapper.cfbundle; includeInIndex = 0; path = SwapWatcherTests.xctest; sourceTree = BUILT_PRODUCTS_DIR; };
		CED85A8C23A3AEA5000AA3C6 /* SwapWatcherTests.swift */ = {isa = PBXFileReference; lastKnownFileType = sourcecode.swift; path = SwapWatcherTests.swift; sourceTree = "<group>"; };
		CED85A8E23A3AEA5000AA3C6 /* Info.plist */ = {isa = PBXFileReference; lastKnownFileType = text.plist.xml; path = Info.plist; sourceTree = "<group>"; };
		CED85A9323A3AEA5000AA3C6 /* SwapWatcherUITests.xctest */ = {isa = PBXFileReference; explicitFileType = wrapper.cfbundle; includeInIndex = 0; path = SwapWatcherUITests.xctest; sourceTree = BUILT_PRODUCTS_DIR; };
		CED85A9723A3AEA5000AA3C6 /* SwapWatcherUITests.swift */ = {isa = PBXFileReference; lastKnownFileType = sourcecode.swift; path = SwapWatcherUITests.swift; sourceTree = "<group>"; };
		CED85A9923A3AEA5000AA3C6 /* Info.plist */ = {isa = PBXFileReference; lastKnownFileType = text.plist.xml; path = Info.plist; sourceTree = "<group>"; };
		CED85AA823A3CFD1000AA3C6 /* GetBytesWithPrefix.swift */ = {isa = PBXFileReference; lastKnownFileType = sourcecode.swift; path = GetBytesWithPrefix.swift; sourceTree = "<group>"; };
		CEE8A41823A42C30006483E0 /* SwapWatcherLaunchHelper.app */ = {isa = PBXFileReference; explicitFileType = wrapper.application; includeInIndex = 0; path = SwapWatcherLaunchHelper.app; sourceTree = BUILT_PRODUCTS_DIR; };
		CEE8A41A23A42C30006483E0 /* AppDelegate.swift */ = {isa = PBXFileReference; lastKnownFileType = sourcecode.swift; path = AppDelegate.swift; sourceTree = "<group>"; };
		CEE8A41E23A42C33006483E0 /* Assets.xcassets */ = {isa = PBXFileReference; lastKnownFileType = folder.assetcatalog; path = Assets.xcassets; sourceTree = "<group>"; };
		CEE8A42123A42C33006483E0 /* Base */ = {isa = PBXFileReference; lastKnownFileType = file.storyboard; name = Base; path = Base.lproj/Main.storyboard; sourceTree = "<group>"; };
		CEE8A42323A42C33006483E0 /* Info.plist */ = {isa = PBXFileReference; lastKnownFileType = text.plist.xml; path = Info.plist; sourceTree = "<group>"; };
		CEE8A42423A42C33006483E0 /* SwapWatcherLaunchHelper.entitlements */ = {isa = PBXFileReference; lastKnownFileType = text.plist.entitlements; path = SwapWatcherLaunchHelper.entitlements; sourceTree = "<group>"; };
		CEE8A42823A4311E006483E0 /* GetHelperApplicationHasEnabled.swift */ = {isa = PBXFileReference; lastKnownFileType = sourcecode.swift; path = GetHelperApplicationHasEnabled.swift; sourceTree = "<group>"; };
		DA86E348DFD1AC87F2F3EC0F /* Pods_SwapWatcherTests.framework */ = {isa = PBXFileReference; explicitFileType = wrapper.framework; includeInIndex = 0; path = Pods_SwapWatcherTests.framework; sourceTree = BUILT_PRODUCTS_DIR; };
/* End PBXFileReference section */

/* Begin PBXFrameworksBuildPhase section */
		CED85A7323A3AEA2000AA3C6 /* Frameworks */ = {
			isa = PBXFrameworksBuildPhase;
			buildActionMask = 2147483647;
			files = (
				714C98F4DC435B5AD15C9A22 /* Pods_SwapWatcher.framework in Frameworks */,
			);
			runOnlyForDeploymentPostprocessing = 0;
		};
		CED85A8523A3AEA5000AA3C6 /* Frameworks */ = {
			isa = PBXFrameworksBuildPhase;
			buildActionMask = 2147483647;
			files = (
				4F8E354635D7594746C51ADA /* Pods_SwapWatcherTests.framework in Frameworks */,
			);
			runOnlyForDeploymentPostprocessing = 0;
		};
		CED85A9023A3AEA5000AA3C6 /* Frameworks */ = {
			isa = PBXFrameworksBuildPhase;
			buildActionMask = 2147483647;
			files = (
				313B8EE327C707B0579DD063 /* Pods_SwapWatcher_SwapWatcherUITests.framework in Frameworks */,
			);
			runOnlyForDeploymentPostprocessing = 0;
		};
		CEE8A41523A42C30006483E0 /* Frameworks */ = {
			isa = PBXFrameworksBuildPhase;
			buildActionMask = 2147483647;
			files = (
			);
			runOnlyForDeploymentPostprocessing = 0;
		};
/* End PBXFrameworksBuildPhase section */

/* Begin PBXGroup section */
		CEAE45F423A43B9E000CB5D2 /* Utilities */ = {
			isa = PBXGroup;
			children = (
				CED85AA823A3CFD1000AA3C6 /* GetBytesWithPrefix.swift */,
				CEE8A42823A4311E006483E0 /* GetHelperApplicationHasEnabled.swift */,
			);
			path = Utilities;
			sourceTree = "<group>";
		};
		CEBB468C23A4D0C100CC6511 /* SwiftGen */ = {
			isa = PBXGroup;
			children = (
				CEBB468D23A4D0D100CC6511 /* StoryboardScenes.swift */,
			);
			path = SwiftGen;
			sourceTree = "<group>";
		};
		CED85A6D23A3AEA2000AA3C6 = {
			isa = PBXGroup;
			children = (
				CEBB468723A4CF7400CC6511 /* swiftgen.yml */,
				CED85A7823A3AEA2000AA3C6 /* SwapWatcher */,
				CED85A8B23A3AEA5000AA3C6 /* SwapWatcherTests */,
				CED85A9623A3AEA5000AA3C6 /* SwapWatcherUITests */,
				CEE8A41923A42C30006483E0 /* SwapWatcherLaunchHelper */,
				CED85A7723A3AEA2000AA3C6 /* Products */,
				E47C7F9CA9167249FF05F564 /* Pods */,
				EF7DE6ED0EDDF0089B6B2F2B /* Frameworks */,
			);
			sourceTree = "<group>";
		};
		CED85A7723A3AEA2000AA3C6 /* Products */ = {
			isa = PBXGroup;
			children = (
				CED85A7623A3AEA2000AA3C6 /* SwapWatcher.app */,
				CED85A8823A3AEA5000AA3C6 /* SwapWatcherTests.xctest */,
				CED85A9323A3AEA5000AA3C6 /* SwapWatcherUITests.xctest */,
				CEE8A41823A42C30006483E0 /* SwapWatcherLaunchHelper.app */,
			);
			name = Products;
			sourceTree = "<group>";
		};
		CED85A7823A3AEA2000AA3C6 /* SwapWatcher */ = {
			isa = PBXGroup;
			children = (
				CED85A7923A3AEA2000AA3C6 /* AppDelegate.swift */,
				CEBB468323A4C26F00CC6511 /* AboutWindowController.swift */,
				CEBB468F23A4D4E900CC6511 /* AboutViewController.swift */,
				CEAE45F423A43B9E000CB5D2 /* Utilities */,
				CEBB468C23A4D0C100CC6511 /* SwiftGen */,
				CED85A7D23A3AEA4000AA3C6 /* Assets.xcassets */,
				CED85A7F23A3AEA4000AA3C6 /* Main.storyboard */,
				CED85A8223A3AEA4000AA3C6 /* Info.plist */,
				CEA9A3F723A4016D00EFB634 /* InternetAccessPolicy.plist */,
				CEAE45EF23A439AA000CB5D2 /* LicensePlist.bundle */,
				CED85A8323A3AEA4000AA3C6 /* SwapWatcher.entitlements */,
			);
			path = SwapWatcher;
			sourceTree = "<group>";
		};
		CED85A8B23A3AEA5000AA3C6 /* SwapWatcherTests */ = {
			isa = PBXGroup;
			children = (
				CED85A8C23A3AEA5000AA3C6 /* SwapWatcherTests.swift */,
				CED85A8E23A3AEA5000AA3C6 /* Info.plist */,
			);
			path = SwapWatcherTests;
			sourceTree = "<group>";
		};
		CED85A9623A3AEA5000AA3C6 /* SwapWatcherUITests */ = {
			isa = PBXGroup;
			children = (
				CED85A9723A3AEA5000AA3C6 /* SwapWatcherUITests.swift */,
				CED85A9923A3AEA5000AA3C6 /* Info.plist */,
			);
			path = SwapWatcherUITests;
			sourceTree = "<group>";
		};
		CEE8A41923A42C30006483E0 /* SwapWatcherLaunchHelper */ = {
			isa = PBXGroup;
			children = (
				CEE8A41A23A42C30006483E0 /* AppDelegate.swift */,
				CEE8A41E23A42C33006483E0 /* Assets.xcassets */,
				CEE8A42023A42C33006483E0 /* Main.storyboard */,
				CEE8A42323A42C33006483E0 /* Info.plist */,
				CEE8A42423A42C33006483E0 /* SwapWatcherLaunchHelper.entitlements */,
			);
			path = SwapWatcherLaunchHelper;
			sourceTree = "<group>";
		};
		E47C7F9CA9167249FF05F564 /* Pods */ = {
			isa = PBXGroup;
			children = (
				52CC3819EAFED28307741612 /* Pods-SwapWatcher.debug.xcconfig */,
				6FDD59CF042E98743E2E4869 /* Pods-SwapWatcher.release.xcconfig */,
				85D8E8A381F23B2E2C123369 /* Pods-SwapWatcher-SwapWatcherUITests.debug.xcconfig */,
				5C336050CABDC8C7B0562A48 /* Pods-SwapWatcher-SwapWatcherUITests.release.xcconfig */,
				A1D945922AA67FE654CB4A64 /* Pods-SwapWatcherTests.debug.xcconfig */,
				396C5C0A7A1EE45F7ADB4C68 /* Pods-SwapWatcherTests.release.xcconfig */,
			);
			path = Pods;
			sourceTree = "<group>";
		};
		EF7DE6ED0EDDF0089B6B2F2B /* Frameworks */ = {
			isa = PBXGroup;
			children = (
				C4420C24B1471E8F70176142 /* Pods_SwapWatcher.framework */,
				CCE2791DCD71934CF3F4955D /* Pods_SwapWatcher_SwapWatcherUITests.framework */,
				DA86E348DFD1AC87F2F3EC0F /* Pods_SwapWatcherTests.framework */,
			);
			name = Frameworks;
			sourceTree = "<group>";
		};
/* End PBXGroup section */

/* Begin PBXNativeTarget section */
		CED85A7523A3AEA2000AA3C6 /* SwapWatcher */ = {
			isa = PBXNativeTarget;
			buildConfigurationList = CED85A9C23A3AEA5000AA3C6 /* Build configuration list for PBXNativeTarget "SwapWatcher" */;
			buildPhases = (
				13EAC16E2CA295A2E240A928 /* [CP] Check Pods Manifest.lock */,
				CEBB468823A4D05700CC6511 /* SwiftGen */,
				CEAE45F123A439F5000CB5D2 /* LicensePlist */,
				CED85A7223A3AEA2000AA3C6 /* Sources */,
				CED85A7323A3AEA2000AA3C6 /* Frameworks */,
				CED85A7423A3AEA2000AA3C6 /* Resources */,
				B727A8B9C1844EDEDE0AFC0A /* [CP] Embed Pods Frameworks */,
				CEE8A42C23A43446006483E0 /* Copy Files */,
			);
			buildRules = (
			);
			dependencies = (
				CEE8A42B23A43440006483E0 /* PBXTargetDependency */,
			);
			name = SwapWatcher;
			productName = SwapWatcher;
			productReference = CED85A7623A3AEA2000AA3C6 /* SwapWatcher.app */;
			productType = "com.apple.product-type.application";
		};
		CED85A8723A3AEA5000AA3C6 /* SwapWatcherTests */ = {
			isa = PBXNativeTarget;
			buildConfigurationList = CED85A9F23A3AEA5000AA3C6 /* Build configuration list for PBXNativeTarget "SwapWatcherTests" */;
			buildPhases = (
				3CA98EAB17B2B46C002B9425 /* [CP] Check Pods Manifest.lock */,
				CED85A8423A3AEA5000AA3C6 /* Sources */,
				CED85A8523A3AEA5000AA3C6 /* Frameworks */,
				CED85A8623A3AEA5000AA3C6 /* Resources */,
			);
			buildRules = (
			);
			dependencies = (
				CED85A8A23A3AEA5000AA3C6 /* PBXTargetDependency */,
			);
			name = SwapWatcherTests;
			productName = SwapWatcherTests;
			productReference = CED85A8823A3AEA5000AA3C6 /* SwapWatcherTests.xctest */;
			productType = "com.apple.product-type.bundle.unit-test";
		};
		CED85A9223A3AEA5000AA3C6 /* SwapWatcherUITests */ = {
			isa = PBXNativeTarget;
			buildConfigurationList = CED85AA223A3AEA5000AA3C6 /* Build configuration list for PBXNativeTarget "SwapWatcherUITests" */;
			buildPhases = (
				32216915516B5E419F61DDA6 /* [CP] Check Pods Manifest.lock */,
				CED85A8F23A3AEA5000AA3C6 /* Sources */,
				CED85A9023A3AEA5000AA3C6 /* Frameworks */,
				CED85A9123A3AEA5000AA3C6 /* Resources */,
				76225E59DB9D864309548B5D /* [CP] Embed Pods Frameworks */,
			);
			buildRules = (
			);
			dependencies = (
				CED85A9523A3AEA5000AA3C6 /* PBXTargetDependency */,
			);
			name = SwapWatcherUITests;
			productName = SwapWatcherUITests;
			productReference = CED85A9323A3AEA5000AA3C6 /* SwapWatcherUITests.xctest */;
			productType = "com.apple.product-type.bundle.ui-testing";
		};
		CEE8A41723A42C30006483E0 /* SwapWatcherLaunchHelper */ = {
			isa = PBXNativeTarget;
			buildConfigurationList = CEE8A42723A42C33006483E0 /* Build configuration list for PBXNativeTarget "SwapWatcherLaunchHelper" */;
			buildPhases = (
				CEE8A41423A42C30006483E0 /* Sources */,
				CEE8A41523A42C30006483E0 /* Frameworks */,
				CEE8A41623A42C30006483E0 /* Resources */,
			);
			buildRules = (
			);
			dependencies = (
			);
			name = SwapWatcherLaunchHelper;
			productName = SwapWatcherLaunchHelper;
			productReference = CEE8A41823A42C30006483E0 /* SwapWatcherLaunchHelper.app */;
			productType = "com.apple.product-type.application";
		};
/* End PBXNativeTarget section */

/* Begin PBXProject section */
		CED85A6E23A3AEA2000AA3C6 /* Project object */ = {
			isa = PBXProject;
			attributes = {
				LastSwiftUpdateCheck = 1130;
				LastUpgradeCheck = 1130;
				ORGANIZATIONNAME = rinsuki;
				TargetAttributes = {
					CED85A7523A3AEA2000AA3C6 = {
						CreatedOnToolsVersion = 11.3;
					};
					CED85A8723A3AEA5000AA3C6 = {
						CreatedOnToolsVersion = 11.3;
						TestTargetID = CED85A7523A3AEA2000AA3C6;
					};
					CED85A9223A3AEA5000AA3C6 = {
						CreatedOnToolsVersion = 11.3;
						TestTargetID = CED85A7523A3AEA2000AA3C6;
					};
					CEE8A41723A42C30006483E0 = {
						CreatedOnToolsVersion = 11.3;
					};
				};
			};
			buildConfigurationList = CED85A7123A3AEA2000AA3C6 /* Build configuration list for PBXProject "SwapWatcher" */;
			compatibilityVersion = "Xcode 9.3";
			developmentRegion = en;
			hasScannedForEncodings = 0;
			knownRegions = (
				en,
				Base,
			);
			mainGroup = CED85A6D23A3AEA2000AA3C6;
			productRefGroup = CED85A7723A3AEA2000AA3C6 /* Products */;
			projectDirPath = "";
			projectRoot = "";
			targets = (
				CED85A7523A3AEA2000AA3C6 /* SwapWatcher */,
				CED85A8723A3AEA5000AA3C6 /* SwapWatcherTests */,
				CED85A9223A3AEA5000AA3C6 /* SwapWatcherUITests */,
				CEE8A41723A42C30006483E0 /* SwapWatcherLaunchHelper */,
			);
		};
/* End PBXProject section */

/* Begin PBXResourcesBuildPhase section */
		CED85A7423A3AEA2000AA3C6 /* Resources */ = {
			isa = PBXResourcesBuildPhase;
			buildActionMask = 2147483647;
			files = (
				CED85A7E23A3AEA4000AA3C6 /* Assets.xcassets in Resources */,
				CED85A8123A3AEA4000AA3C6 /* Main.storyboard in Resources */,
				CEAE45F023A439AA000CB5D2 /* LicensePlist.bundle in Resources */,
				CEA9A3F823A4016D00EFB634 /* InternetAccessPolicy.plist in Resources */,
			);
			runOnlyForDeploymentPostprocessing = 0;
		};
		CED85A8623A3AEA5000AA3C6 /* Resources */ = {
			isa = PBXResourcesBuildPhase;
			buildActionMask = 2147483647;
			files = (
			);
			runOnlyForDeploymentPostprocessing = 0;
		};
		CED85A9123A3AEA5000AA3C6 /* Resources */ = {
			isa = PBXResourcesBuildPhase;
			buildActionMask = 2147483647;
			files = (
			);
			runOnlyForDeploymentPostprocessing = 0;
		};
		CEE8A41623A42C30006483E0 /* Resources */ = {
			isa = PBXResourcesBuildPhase;
			buildActionMask = 2147483647;
			files = (
				CEE8A41F23A42C33006483E0 /* Assets.xcassets in Resources */,
				CEE8A42223A42C33006483E0 /* Main.storyboard in Resources */,
			);
			runOnlyForDeploymentPostprocessing = 0;
		};
/* End PBXResourcesBuildPhase section */

/* Begin PBXShellScriptBuildPhase section */
		13EAC16E2CA295A2E240A928 /* [CP] Check Pods Manifest.lock */ = {
			isa = PBXShellScriptBuildPhase;
			buildActionMask = 2147483647;
			files = (
			);
			inputFileListPaths = (
			);
			inputPaths = (
				"${PODS_PODFILE_DIR_PATH}/Podfile.lock",
				"${PODS_ROOT}/Manifest.lock",
			);
			name = "[CP] Check Pods Manifest.lock";
			outputFileListPaths = (
			);
			outputPaths = (
				"$(DERIVED_FILE_DIR)/Pods-SwapWatcher-checkManifestLockResult.txt",
			);
			runOnlyForDeploymentPostprocessing = 0;
			shellPath = /bin/sh;
			shellScript = "diff \"${PODS_PODFILE_DIR_PATH}/Podfile.lock\" \"${PODS_ROOT}/Manifest.lock\" > /dev/null\nif [ $? != 0 ] ; then\n    # print error to STDERR\n    echo \"error: The sandbox is not in sync with the Podfile.lock. Run 'pod install' or update your CocoaPods installation.\" >&2\n    exit 1\nfi\n# This output is used by Xcode 'outputs' to avoid re-running this script phase.\necho \"SUCCESS\" > \"${SCRIPT_OUTPUT_FILE_0}\"\n";
			showEnvVarsInLog = 0;
		};
		32216915516B5E419F61DDA6 /* [CP] Check Pods Manifest.lock */ = {
			isa = PBXShellScriptBuildPhase;
			buildActionMask = 2147483647;
			files = (
			);
			inputFileListPaths = (
			);
			inputPaths = (
				"${PODS_PODFILE_DIR_PATH}/Podfile.lock",
				"${PODS_ROOT}/Manifest.lock",
			);
			name = "[CP] Check Pods Manifest.lock";
			outputFileListPaths = (
			);
			outputPaths = (
				"$(DERIVED_FILE_DIR)/Pods-SwapWatcher-SwapWatcherUITests-checkManifestLockResult.txt",
			);
			runOnlyForDeploymentPostprocessing = 0;
			shellPath = /bin/sh;
			shellScript = "diff \"${PODS_PODFILE_DIR_PATH}/Podfile.lock\" \"${PODS_ROOT}/Manifest.lock\" > /dev/null\nif [ $? != 0 ] ; then\n    # print error to STDERR\n    echo \"error: The sandbox is not in sync with the Podfile.lock. Run 'pod install' or update your CocoaPods installation.\" >&2\n    exit 1\nfi\n# This output is used by Xcode 'outputs' to avoid re-running this script phase.\necho \"SUCCESS\" > \"${SCRIPT_OUTPUT_FILE_0}\"\n";
			showEnvVarsInLog = 0;
		};
		3CA98EAB17B2B46C002B9425 /* [CP] Check Pods Manifest.lock */ = {
			isa = PBXShellScriptBuildPhase;
			buildActionMask = 2147483647;
			files = (
			);
			inputFileListPaths = (
			);
			inputPaths = (
				"${PODS_PODFILE_DIR_PATH}/Podfile.lock",
				"${PODS_ROOT}/Manifest.lock",
			);
			name = "[CP] Check Pods Manifest.lock";
			outputFileListPaths = (
			);
			outputPaths = (
				"$(DERIVED_FILE_DIR)/Pods-SwapWatcherTests-checkManifestLockResult.txt",
			);
			runOnlyForDeploymentPostprocessing = 0;
			shellPath = /bin/sh;
			shellScript = "diff \"${PODS_PODFILE_DIR_PATH}/Podfile.lock\" \"${PODS_ROOT}/Manifest.lock\" > /dev/null\nif [ $? != 0 ] ; then\n    # print error to STDERR\n    echo \"error: The sandbox is not in sync with the Podfile.lock. Run 'pod install' or update your CocoaPods installation.\" >&2\n    exit 1\nfi\n# This output is used by Xcode 'outputs' to avoid re-running this script phase.\necho \"SUCCESS\" > \"${SCRIPT_OUTPUT_FILE_0}\"\n";
			showEnvVarsInLog = 0;
		};
		76225E59DB9D864309548B5D /* [CP] Embed Pods Frameworks */ = {
			isa = PBXShellScriptBuildPhase;
			buildActionMask = 2147483647;
			files = (
			);
			inputFileListPaths = (
				"${PODS_ROOT}/Target Support Files/Pods-SwapWatcher-SwapWatcherUITests/Pods-SwapWatcher-SwapWatcherUITests-frameworks-${CONFIGURATION}-input-files.xcfilelist",
			);
			name = "[CP] Embed Pods Frameworks";
			outputFileListPaths = (
				"${PODS_ROOT}/Target Support Files/Pods-SwapWatcher-SwapWatcherUITests/Pods-SwapWatcher-SwapWatcherUITests-frameworks-${CONFIGURATION}-output-files.xcfilelist",
			);
			runOnlyForDeploymentPostprocessing = 0;
			shellPath = /bin/sh;
			shellScript = "\"${PODS_ROOT}/Target Support Files/Pods-SwapWatcher-SwapWatcherUITests/Pods-SwapWatcher-SwapWatcherUITests-frameworks.sh\"\n";
			showEnvVarsInLog = 0;
		};
		B727A8B9C1844EDEDE0AFC0A /* [CP] Embed Pods Frameworks */ = {
			isa = PBXShellScriptBuildPhase;
			buildActionMask = 2147483647;
			files = (
			);
			inputFileListPaths = (
				"${PODS_ROOT}/Target Support Files/Pods-SwapWatcher/Pods-SwapWatcher-frameworks-${CONFIGURATION}-input-files.xcfilelist",
			);
			name = "[CP] Embed Pods Frameworks";
			outputFileListPaths = (
				"${PODS_ROOT}/Target Support Files/Pods-SwapWatcher/Pods-SwapWatcher-frameworks-${CONFIGURATION}-output-files.xcfilelist",
			);
			runOnlyForDeploymentPostprocessing = 0;
			shellPath = /bin/sh;
			shellScript = "\"${PODS_ROOT}/Target Support Files/Pods-SwapWatcher/Pods-SwapWatcher-frameworks.sh\"\n";
			showEnvVarsInLog = 0;
		};
		CEAE45F123A439F5000CB5D2 /* LicensePlist */ = {
			isa = PBXShellScriptBuildPhase;
			buildActionMask = 2147483647;
			files = (
			);
			inputFileListPaths = (
			);
			inputPaths = (
			);
			name = LicensePlist;
			outputFileListPaths = (
			);
			outputPaths = (
			);
			runOnlyForDeploymentPostprocessing = 0;
			shellPath = /bin/sh;
			shellScript = "# Type a script or drag a script file from your workspace to insert its path.\nif [ $CONFIGURATION = \"Debug\" ]; then\ncd $SRCROOT\n./Pods/LicensePlist/license-plist --output-path $PRODUCT_NAME/LicensePlist.bundle --prefix Licenses\nfi\n";
		};
		CEBB468823A4D05700CC6511 /* SwiftGen */ = {
			isa = PBXShellScriptBuildPhase;
			buildActionMask = 2147483647;
			files = (
			);
			inputFileListPaths = (
			);
			inputPaths = (
			);
			name = SwiftGen;
			outputFileListPaths = (
			);
			outputPaths = (
			);
			runOnlyForDeploymentPostprocessing = 0;
			shellPath = /bin/sh;
			shellScript = "# Type a script or drag a script file from your workspace to insert its path.\n\"$PODS_ROOT\"/SwiftGen/bin/swiftgen\n";
		};
/* End PBXShellScriptBuildPhase section */

/* Begin PBXSourcesBuildPhase section */
		CED85A7223A3AEA2000AA3C6 /* Sources */ = {
			isa = PBXSourcesBuildPhase;
			buildActionMask = 2147483647;
			files = (
				CEBB469023A4D4E900CC6511 /* AboutViewController.swift in Sources */,
				CEE8A42923A4311E006483E0 /* GetHelperApplicationHasEnabled.swift in Sources */,
				CEBB468523A4C26F00CC6511 /* AboutWindowController.swift in Sources */,
				CED85A7A23A3AEA2000AA3C6 /* AppDelegate.swift in Sources */,
				CED85AA923A3CFD1000AA3C6 /* GetBytesWithPrefix.swift in Sources */,
				CEBB468E23A4D0D100CC6511 /* StoryboardScenes.swift in Sources */,
			);
			runOnlyForDeploymentPostprocessing = 0;
		};
		CED85A8423A3AEA5000AA3C6 /* Sources */ = {
			isa = PBXSourcesBuildPhase;
			buildActionMask = 2147483647;
			files = (
				CED85A8D23A3AEA5000AA3C6 /* SwapWatcherTests.swift in Sources */,
			);
			runOnlyForDeploymentPostprocessing = 0;
		};
		CED85A8F23A3AEA5000AA3C6 /* Sources */ = {
			isa = PBXSourcesBuildPhase;
			buildActionMask = 2147483647;
			files = (
				CED85A9823A3AEA5000AA3C6 /* SwapWatcherUITests.swift in Sources */,
			);
			runOnlyForDeploymentPostprocessing = 0;
		};
		CEE8A41423A42C30006483E0 /* Sources */ = {
			isa = PBXSourcesBuildPhase;
			buildActionMask = 2147483647;
			files = (
				CEE8A41B23A42C30006483E0 /* AppDelegate.swift in Sources */,
			);
			runOnlyForDeploymentPostprocessing = 0;
		};
/* End PBXSourcesBuildPhase section */

/* Begin PBXTargetDependency section */
		CED85A8A23A3AEA5000AA3C6 /* PBXTargetDependency */ = {
			isa = PBXTargetDependency;
			target = CED85A7523A3AEA2000AA3C6 /* SwapWatcher */;
			targetProxy = CED85A8923A3AEA5000AA3C6 /* PBXContainerItemProxy */;
		};
		CED85A9523A3AEA5000AA3C6 /* PBXTargetDependency */ = {
			isa = PBXTargetDependency;
			target = CED85A7523A3AEA2000AA3C6 /* SwapWatcher */;
			targetProxy = CED85A9423A3AEA5000AA3C6 /* PBXContainerItemProxy */;
		};
		CEE8A42B23A43440006483E0 /* PBXTargetDependency */ = {
			isa = PBXTargetDependency;
			target = CEE8A41723A42C30006483E0 /* SwapWatcherLaunchHelper */;
			targetProxy = CEE8A42A23A43440006483E0 /* PBXContainerItemProxy */;
		};
/* End PBXTargetDependency section */

/* Begin PBXVariantGroup section */
		CED85A7F23A3AEA4000AA3C6 /* Main.storyboard */ = {
			isa = PBXVariantGroup;
			children = (
				CED85A8023A3AEA4000AA3C6 /* Base */,
			);
			name = Main.storyboard;
			sourceTree = "<group>";
		};
		CEE8A42023A42C33006483E0 /* Main.storyboard */ = {
			isa = PBXVariantGroup;
			children = (
				CEE8A42123A42C33006483E0 /* Base */,
			);
			name = Main.storyboard;
			sourceTree = "<group>";
		};
/* End PBXVariantGroup section */

/* Begin XCBuildConfiguration section */
		CED85A9A23A3AEA5000AA3C6 /* Debug */ = {
			isa = XCBuildConfiguration;
			buildSettings = {
				ALWAYS_SEARCH_USER_PATHS = NO;
				CLANG_ANALYZER_NONNULL = YES;
				CLANG_ANALYZER_NUMBER_OBJECT_CONVERSION = YES_AGGRESSIVE;
				CLANG_CXX_LANGUAGE_STANDARD = "gnu++14";
				CLANG_CXX_LIBRARY = "libc++";
				CLANG_ENABLE_MODULES = YES;
				CLANG_ENABLE_OBJC_ARC = YES;
				CLANG_ENABLE_OBJC_WEAK = YES;
				CLANG_WARN_BLOCK_CAPTURE_AUTORELEASING = YES;
				CLANG_WARN_BOOL_CONVERSION = YES;
				CLANG_WARN_COMMA = YES;
				CLANG_WARN_CONSTANT_CONVERSION = YES;
				CLANG_WARN_DEPRECATED_OBJC_IMPLEMENTATIONS = YES;
				CLANG_WARN_DIRECT_OBJC_ISA_USAGE = YES_ERROR;
				CLANG_WARN_DOCUMENTATION_COMMENTS = YES;
				CLANG_WARN_EMPTY_BODY = YES;
				CLANG_WARN_ENUM_CONVERSION = YES;
				CLANG_WARN_INFINITE_RECURSION = YES;
				CLANG_WARN_INT_CONVERSION = YES;
				CLANG_WARN_NON_LITERAL_NULL_CONVERSION = YES;
				CLANG_WARN_OBJC_IMPLICIT_RETAIN_SELF = YES;
				CLANG_WARN_OBJC_LITERAL_CONVERSION = YES;
				CLANG_WARN_OBJC_ROOT_CLASS = YES_ERROR;
				CLANG_WARN_RANGE_LOOP_ANALYSIS = YES;
				CLANG_WARN_STRICT_PROTOTYPES = YES;
				CLANG_WARN_SUSPICIOUS_MOVE = YES;
				CLANG_WARN_UNGUARDED_AVAILABILITY = YES_AGGRESSIVE;
				CLANG_WARN_UNREACHABLE_CODE = YES;
				CLANG_WARN__DUPLICATE_METHOD_MATCH = YES;
				COPY_PHASE_STRIP = NO;
				DEBUG_INFORMATION_FORMAT = dwarf;
				ENABLE_STRICT_OBJC_MSGSEND = YES;
				ENABLE_TESTABILITY = YES;
				GCC_C_LANGUAGE_STANDARD = gnu11;
				GCC_DYNAMIC_NO_PIC = NO;
				GCC_NO_COMMON_BLOCKS = YES;
				GCC_OPTIMIZATION_LEVEL = 0;
				GCC_PREPROCESSOR_DEFINITIONS = (
					"DEBUG=1",
					"$(inherited)",
				);
				GCC_WARN_64_TO_32_BIT_CONVERSION = YES;
				GCC_WARN_ABOUT_RETURN_TYPE = YES_ERROR;
				GCC_WARN_UNDECLARED_SELECTOR = YES;
				GCC_WARN_UNINITIALIZED_AUTOS = YES_AGGRESSIVE;
				GCC_WARN_UNUSED_FUNCTION = YES;
				GCC_WARN_UNUSED_VARIABLE = YES;
				MACOSX_DEPLOYMENT_TARGET = 10.15;
				MTL_ENABLE_DEBUG_INFO = INCLUDE_SOURCE;
				MTL_FAST_MATH = YES;
				ONLY_ACTIVE_ARCH = YES;
				SDKROOT = macosx;
				SWIFT_ACTIVE_COMPILATION_CONDITIONS = DEBUG;
				SWIFT_OPTIMIZATION_LEVEL = "-Onone";
			};
			name = Debug;
		};
		CED85A9B23A3AEA5000AA3C6 /* Release */ = {
			isa = XCBuildConfiguration;
			buildSettings = {
				ALWAYS_SEARCH_USER_PATHS = NO;
				CLANG_ANALYZER_NONNULL = YES;
				CLANG_ANALYZER_NUMBER_OBJECT_CONVERSION = YES_AGGRESSIVE;
				CLANG_CXX_LANGUAGE_STANDARD = "gnu++14";
				CLANG_CXX_LIBRARY = "libc++";
				CLANG_ENABLE_MODULES = YES;
				CLANG_ENABLE_OBJC_ARC = YES;
				CLANG_ENABLE_OBJC_WEAK = YES;
				CLANG_WARN_BLOCK_CAPTURE_AUTORELEASING = YES;
				CLANG_WARN_BOOL_CONVERSION = YES;
				CLANG_WARN_COMMA = YES;
				CLANG_WARN_CONSTANT_CONVERSION = YES;
				CLANG_WARN_DEPRECATED_OBJC_IMPLEMENTATIONS = YES;
				CLANG_WARN_DIRECT_OBJC_ISA_USAGE = YES_ERROR;
				CLANG_WARN_DOCUMENTATION_COMMENTS = YES;
				CLANG_WARN_EMPTY_BODY = YES;
				CLANG_WARN_ENUM_CONVERSION = YES;
				CLANG_WARN_INFINITE_RECURSION = YES;
				CLANG_WARN_INT_CONVERSION = YES;
				CLANG_WARN_NON_LITERAL_NULL_CONVERSION = YES;
				CLANG_WARN_OBJC_IMPLICIT_RETAIN_SELF = YES;
				CLANG_WARN_OBJC_LITERAL_CONVERSION = YES;
				CLANG_WARN_OBJC_ROOT_CLASS = YES_ERROR;
				CLANG_WARN_RANGE_LOOP_ANALYSIS = YES;
				CLANG_WARN_STRICT_PROTOTYPES = YES;
				CLANG_WARN_SUSPICIOUS_MOVE = YES;
				CLANG_WARN_UNGUARDED_AVAILABILITY = YES_AGGRESSIVE;
				CLANG_WARN_UNREACHABLE_CODE = YES;
				CLANG_WARN__DUPLICATE_METHOD_MATCH = YES;
				COPY_PHASE_STRIP = NO;
				DEBUG_INFORMATION_FORMAT = "dwarf-with-dsym";
				ENABLE_NS_ASSERTIONS = NO;
				ENABLE_STRICT_OBJC_MSGSEND = YES;
				GCC_C_LANGUAGE_STANDARD = gnu11;
				GCC_NO_COMMON_BLOCKS = YES;
				GCC_WARN_64_TO_32_BIT_CONVERSION = YES;
				GCC_WARN_ABOUT_RETURN_TYPE = YES_ERROR;
				GCC_WARN_UNDECLARED_SELECTOR = YES;
				GCC_WARN_UNINITIALIZED_AUTOS = YES_AGGRESSIVE;
				GCC_WARN_UNUSED_FUNCTION = YES;
				GCC_WARN_UNUSED_VARIABLE = YES;
				MACOSX_DEPLOYMENT_TARGET = 10.15;
				MTL_ENABLE_DEBUG_INFO = NO;
				MTL_FAST_MATH = YES;
				SDKROOT = macosx;
				SWIFT_COMPILATION_MODE = wholemodule;
				SWIFT_OPTIMIZATION_LEVEL = "-O";
			};
			name = Release;
		};
		CED85A9D23A3AEA5000AA3C6 /* Debug */ = {
			isa = XCBuildConfiguration;
			baseConfigurationReference = 52CC3819EAFED28307741612 /* Pods-SwapWatcher.debug.xcconfig */;
			buildSettings = {
				ASSETCATALOG_COMPILER_APPICON_NAME = AppIcon;
				CODE_SIGN_ENTITLEMENTS = SwapWatcher/SwapWatcher.entitlements;
				CODE_SIGN_STYLE = Automatic;
				COMBINE_HIDPI_IMAGES = YES;
				DEVELOPMENT_TEAM = 4XKKKM86RN;
				ENABLE_HARDENED_RUNTIME = YES;
				INFOPLIST_FILE = SwapWatcher/Info.plist;
				LD_RUNPATH_SEARCH_PATHS = (
					"$(inherited)",
					"@executable_path/../Frameworks",
				);
				PRODUCT_BUNDLE_IDENTIFIER = net.rinsuki.apps.mac.SwapWatcher;
				PRODUCT_NAME = "$(TARGET_NAME)";
				SWIFT_VERSION = 5.0;
			};
			name = Debug;
		};
		CED85A9E23A3AEA5000AA3C6 /* Release */ = {
			isa = XCBuildConfiguration;
			baseConfigurationReference = 6FDD59CF042E98743E2E4869 /* Pods-SwapWatcher.release.xcconfig */;
			buildSettings = {
				ASSETCATALOG_COMPILER_APPICON_NAME = AppIcon;
				CODE_SIGN_ENTITLEMENTS = SwapWatcher/SwapWatcher.entitlements;
				CODE_SIGN_STYLE = Automatic;
				COMBINE_HIDPI_IMAGES = YES;
				DEVELOPMENT_TEAM = 4XKKKM86RN;
				ENABLE_HARDENED_RUNTIME = YES;
				INFOPLIST_FILE = SwapWatcher/Info.plist;
				LD_RUNPATH_SEARCH_PATHS = (
					"$(inherited)",
					"@executable_path/../Frameworks",
				);
				PRODUCT_BUNDLE_IDENTIFIER = net.rinsuki.apps.mac.SwapWatcher;
				PRODUCT_NAME = "$(TARGET_NAME)";
				SWIFT_VERSION = 5.0;
			};
			name = Release;
		};
		CED85AA023A3AEA5000AA3C6 /* Debug */ = {
			isa = XCBuildConfiguration;
			baseConfigurationReference = A1D945922AA67FE654CB4A64 /* Pods-SwapWatcherTests.debug.xcconfig */;
			buildSettings = {
				ALWAYS_EMBED_SWIFT_STANDARD_LIBRARIES = YES;
				BUNDLE_LOADER = "$(TEST_HOST)";
				CODE_SIGN_STYLE = Automatic;
				COMBINE_HIDPI_IMAGES = YES;
				DEVELOPMENT_TEAM = 4XKKKM86RN;
				INFOPLIST_FILE = SwapWatcherTests/Info.plist;
				LD_RUNPATH_SEARCH_PATHS = (
					"$(inherited)",
					"@executable_path/../Frameworks",
					"@loader_path/../Frameworks",
				);
				MACOSX_DEPLOYMENT_TARGET = 10.15;
				PRODUCT_BUNDLE_IDENTIFIER = net.rinsuki.apps.mac.SwapWatcherTests;
				PRODUCT_NAME = "$(TARGET_NAME)";
				SWIFT_VERSION = 5.0;
				TEST_HOST = "$(BUILT_PRODUCTS_DIR)/SwapWatcher.app/Contents/MacOS/SwapWatcher";
			};
			name = Debug;
		};
		CED85AA123A3AEA5000AA3C6 /* Release */ = {
			isa = XCBuildConfiguration;
			baseConfigurationReference = 396C5C0A7A1EE45F7ADB4C68 /* Pods-SwapWatcherTests.release.xcconfig */;
			buildSettings = {
				ALWAYS_EMBED_SWIFT_STANDARD_LIBRARIES = YES;
				BUNDLE_LOADER = "$(TEST_HOST)";
				CODE_SIGN_STYLE = Automatic;
				COMBINE_HIDPI_IMAGES = YES;
				DEVELOPMENT_TEAM = 4XKKKM86RN;
				INFOPLIST_FILE = SwapWatcherTests/Info.plist;
				LD_RUNPATH_SEARCH_PATHS = (
					"$(inherited)",
					"@executable_path/../Frameworks",
					"@loader_path/../Frameworks",
				);
				MACOSX_DEPLOYMENT_TARGET = 10.15;
				PRODUCT_BUNDLE_IDENTIFIER = net.rinsuki.apps.mac.SwapWatcherTests;
				PRODUCT_NAME = "$(TARGET_NAME)";
				SWIFT_VERSION = 5.0;
				TEST_HOST = "$(BUILT_PRODUCTS_DIR)/SwapWatcher.app/Contents/MacOS/SwapWatcher";
			};
			name = Release;
		};
		CED85AA323A3AEA5000AA3C6 /* Debug */ = {
			isa = XCBuildConfiguration;
			baseConfigurationReference = 85D8E8A381F23B2E2C123369 /* Pods-SwapWatcher-SwapWatcherUITests.debug.xcconfig */;
			buildSettings = {
				ALWAYS_EMBED_SWIFT_STANDARD_LIBRARIES = YES;
				CODE_SIGN_STYLE = Automatic;
				COMBINE_HIDPI_IMAGES = YES;
				DEVELOPMENT_TEAM = 4XKKKM86RN;
				INFOPLIST_FILE = SwapWatcherUITests/Info.plist;
				LD_RUNPATH_SEARCH_PATHS = (
					"$(inherited)",
					"@executable_path/../Frameworks",
					"@loader_path/../Frameworks",
				);
				PRODUCT_BUNDLE_IDENTIFIER = net.rinsuki.apps.mac.SwapWatcherUITests;
				PRODUCT_NAME = "$(TARGET_NAME)";
				SWIFT_VERSION = 5.0;
				TEST_TARGET_NAME = SwapWatcher;
			};
			name = Debug;
		};
		CED85AA423A3AEA5000AA3C6 /* Release */ = {
			isa = XCBuildConfiguration;
			baseConfigurationReference = 5C336050CABDC8C7B0562A48 /* Pods-SwapWatcher-SwapWatcherUITests.release.xcconfig */;
			buildSettings = {
				ALWAYS_EMBED_SWIFT_STANDARD_LIBRARIES = YES;
				CODE_SIGN_STYLE = Automatic;
				COMBINE_HIDPI_IMAGES = YES;
				DEVELOPMENT_TEAM = 4XKKKM86RN;
				INFOPLIST_FILE = SwapWatcherUITests/Info.plist;
				LD_RUNPATH_SEARCH_PATHS = (
					"$(inherited)",
					"@executable_path/../Frameworks",
					"@loader_path/../Frameworks",
				);
				PRODUCT_BUNDLE_IDENTIFIER = net.rinsuki.apps.mac.SwapWatcherUITests;
				PRODUCT_NAME = "$(TARGET_NAME)";
				SWIFT_VERSION = 5.0;
				TEST_TARGET_NAME = SwapWatcher;
			};
			name = Release;
		};
		CEE8A42523A42C33006483E0 /* Debug */ = {
			isa = XCBuildConfiguration;
			buildSettings = {
				ASSETCATALOG_COMPILER_APPICON_NAME = AppIcon;
				CODE_SIGN_ENTITLEMENTS = SwapWatcherLaunchHelper/SwapWatcherLaunchHelper.entitlements;
				CODE_SIGN_STYLE = Automatic;
				COMBINE_HIDPI_IMAGES = YES;
				DEVELOPMENT_TEAM = 4XKKKM86RN;
				ENABLE_HARDENED_RUNTIME = YES;
				INFOPLIST_FILE = SwapWatcherLaunchHelper/Info.plist;
				LD_RUNPATH_SEARCH_PATHS = (
					"$(inherited)",
					"@executable_path/../Frameworks",
				);
				PRODUCT_BUNDLE_IDENTIFIER = net.rinsuki.apps.mac.SwapWatcherLaunchHelper;
				PRODUCT_NAME = "$(TARGET_NAME)";
				SWIFT_VERSION = 5.0;
			};
			name = Debug;
		};
		CEE8A42623A42C33006483E0 /* Release */ = {
			isa = XCBuildConfiguration;
			buildSettings = {
				ASSETCATALOG_COMPILER_APPICON_NAME = AppIcon;
				CODE_SIGN_ENTITLEMENTS = SwapWatcherLaunchHelper/SwapWatcherLaunchHelper.entitlements;
				CODE_SIGN_STYLE = Automatic;
				COMBINE_HIDPI_IMAGES = YES;
				DEVELOPMENT_TEAM = 4XKKKM86RN;
				ENABLE_HARDENED_RUNTIME = YES;
				INFOPLIST_FILE = SwapWatcherLaunchHelper/Info.plist;
				LD_RUNPATH_SEARCH_PATHS = (
					"$(inherited)",
					"@executable_path/../Frameworks",
				);
				PRODUCT_BUNDLE_IDENTIFIER = net.rinsuki.apps.mac.SwapWatcherLaunchHelper;
				PRODUCT_NAME = "$(TARGET_NAME)";
				SWIFT_VERSION = 5.0;
			};
			name = Release;
		};
/* End XCBuildConfiguration section */

/* Begin XCConfigurationList section */
		CED85A7123A3AEA2000AA3C6 /* Build configuration list for PBXProject "SwapWatcher" */ = {
			isa = XCConfigurationList;
			buildConfigurations = (
				CED85A9A23A3AEA5000AA3C6 /* Debug */,
				CED85A9B23A3AEA5000AA3C6 /* Release */,
			);
			defaultConfigurationIsVisible = 0;
			defaultConfigurationName = Release;
		};
		CED85A9C23A3AEA5000AA3C6 /* Build configuration list for PBXNativeTarget "SwapWatcher" */ = {
			isa = XCConfigurationList;
			buildConfigurations = (
				CED85A9D23A3AEA5000AA3C6 /* Debug */,
				CED85A9E23A3AEA5000AA3C6 /* Release */,
			);
			defaultConfigurationIsVisible = 0;
			defaultConfigurationName = Release;
		};
		CED85A9F23A3AEA5000AA3C6 /* Build configuration list for PBXNativeTarget "SwapWatcherTests" */ = {
			isa = XCConfigurationList;
			buildConfigurations = (
				CED85AA023A3AEA5000AA3C6 /* Debug */,
				CED85AA123A3AEA5000AA3C6 /* Release */,
			);
			defaultConfigurationIsVisible = 0;
			defaultConfigurationName = Release;
		};
		CED85AA223A3AEA5000AA3C6 /* Build configuration list for PBXNativeTarget "SwapWatcherUITests" */ = {
			isa = XCConfigurationList;
			buildConfigurations = (
				CED85AA323A3AEA5000AA3C6 /* Debug */,
				CED85AA423A3AEA5000AA3C6 /* Release */,
			);
			defaultConfigurationIsVisible = 0;
			defaultConfigurationName = Release;
		};
		CEE8A42723A42C33006483E0 /* Build configuration list for PBXNativeTarget "SwapWatcherLaunchHelper" */ = {
			isa = XCConfigurationList;
			buildConfigurations = (
				CEE8A42523A42C33006483E0 /* Debug */,
				CEE8A42623A42C33006483E0 /* Release */,
			);
			defaultConfigurationIsVisible = 0;
			defaultConfigurationName = Release;
		};
/* End XCConfigurationList section */
	};
	rootObject = CED85A6E23A3AEA2000AA3C6 /* Project object */;
}
